
Microsoft Visual Studio Solution File, Format Version 12.00
# Visual Studio Version 17
VisualStudioVersion = 17.1.32421.90
MinimumVisualStudioVersion = 10.0.40219.1
Project("{8BC9CEB8-8B4A-11D0-8D11-00A0C91BC942}") = "GodAgent", "..\GodThingsApplication\GodThingsApplication.vcxproj", "{B46ADCE1-A363-4C3F-9348-EBE89D600A24}"
EndProject
Project("{8BC9CEB8-8B4A-11D0-8D11-00A0C91BC942}") = "TestDemo", "TestDemo\TestDemo.vcxproj", "{9861E277-78F8-4A68-A08D-B23CF268DB89}"
	ProjectSection(ProjectDependencies) = postProject
		{B46ADCE1-A363-4C3F-9348-EBE89D600A24} = {B46ADCE1-A363-4C3F-9348-EBE89D600A24}
	EndProjectSection
EndProject
Project("{888888A0-9F3D-457C-B088-3A5042F75D52}") = "gtlib", "gtlib\gtlib.pyproj", "{BC8A8558-7384-4A25-A9FD-FFE1319F1492}"
EndProject
Project("{8BC9CEB8-8B4A-11D0-8D11-00A0C91BC942}") = "Godthings", "Godthings\Godthings.vcxproj", "{25C1437B-CE03-4925-BDF0-ECBE8DDBF124}"
EndProject
Project("{9A19103F-16F7-4668-BE54-9A1E7A4F7556}") = "ConsoleApp2", "ConsoleApp2\ConsoleApp2.csproj", "{2801056A-4BD7-4B96-91AA-F26232E7C43D}"
EndProject
Project("{9A19103F-16F7-4668-BE54-9A1E7A4F7556}") = "GTGui", "GTGui\GTGui.csproj", "{FF40C6F9-40E4-4F78-A68E-59476FC80AC7}"
EndProject
Project("{8BC9CEB8-8B4A-11D0-8D11-00A0C91BC942}") = "Project1", "Project1\Project1.vcxproj", "{BE6C701B-89B3-42C6-86E8-9B1E874922B1}"
EndProject
Global
	GlobalSection(SolutionConfigurationPlatforms) = preSolution
		Debug|Any CPU = Debug|Any CPU
		Debug|ARM = Debug|ARM
		Debug|ARM64 = Debug|ARM64
		Debug|x64 = Debug|x64
		Debug|x86 = Debug|x86
		Release|Any CPU = Release|Any CPU
		Release|ARM = Release|ARM
		Release|ARM64 = Release|ARM64
		Release|x64 = Release|x64
		Release|x86 = Release|x86
	EndGlobalSection
	GlobalSection(ProjectConfigurationPlatforms) = postSolution
		{B46ADCE1-A363-4C3F-9348-EBE89D600A24}.Debug|Any CPU.ActiveCfg = Debug|Win32
		{B46ADCE1-A363-4C3F-9348-EBE89D600A24}.Debug|ARM.ActiveCfg = Debug|Win32
		{B46ADCE1-A363-4C3F-9348-EBE89D600A24}.Debug|ARM64.ActiveCfg = Debug|Win32
		{B46ADCE1-A363-4C3F-9348-EBE89D600A24}.Debug|x64.ActiveCfg = Debug|x64
		{B46ADCE1-A363-4C3F-9348-EBE89D600A24}.Debug|x64.Build.0 = Debug|x64
		{B46ADCE1-A363-4C3F-9348-EBE89D600A24}.Debug|x86.ActiveCfg = Debug|Win32
		{B46ADCE1-A363-4C3F-9348-EBE89D600A24}.Debug|x86.Build.0 = Debug|Win32
		{B46ADCE1-A363-4C3F-9348-EBE89D600A24}.Release|Any CPU.ActiveCfg = Release|Win32
		{B46ADCE1-A363-4C3F-9348-EBE89D600A24}.Release|ARM.ActiveCfg = Release|Win32
		{B46ADCE1-A363-4C3F-9348-EBE89D600A24}.Release|ARM64.ActiveCfg = Release|Win32
		{B46ADCE1-A363-4C3F-9348-EBE89D600A24}.Release|x64.ActiveCfg = Release|x64
		{B46ADCE1-A363-4C3F-9348-EBE89D600A24}.Release|x64.Build.0 = Release|x64
		{B46ADCE1-A363-4C3F-9348-EBE89D600A24}.Release|x86.ActiveCfg = Release|Win32
		{B46ADCE1-A363-4C3F-9348-EBE89D600A24}.Release|x86.Build.0 = Release|Win32
		{9861E277-78F8-4A68-A08D-B23CF268DB89}.Debug|Any CPU.ActiveCfg = Debug|Win32
		{9861E277-78F8-4A68-A08D-B23CF268DB89}.Debug|ARM.ActiveCfg = Debug|Win32
		{9861E277-78F8-4A68-A08D-B23CF268DB89}.Debug|ARM64.ActiveCfg = Debug|Win32
		{9861E277-78F8-4A68-A08D-B23CF268DB89}.Debug|x64.ActiveCfg = Debug|x64
		{9861E277-78F8-4A68-A08D-B23CF268DB89}.Debug|x64.Build.0 = Debug|x64
		{9861E277-78F8-4A68-A08D-B23CF268DB89}.Debug|x86.ActiveCfg = Debug|Win32
		{9861E277-78F8-4A68-A08D-B23CF268DB89}.Debug|x86.Build.0 = Debug|Win32
		{9861E277-78F8-4A68-A08D-B23CF268DB89}.Release|Any CPU.ActiveCfg = Release|Win32
		{9861E277-78F8-4A68-A08D-B23CF268DB89}.Release|ARM.ActiveCfg = Release|Win32
		{9861E277-78F8-4A68-A08D-B23CF268DB89}.Release|ARM64.ActiveCfg = Release|Win32
		{9861E277-78F8-4A68-A08D-B23CF268DB89}.Release|x64.ActiveCfg = Release|x64
		{9861E277-78F8-4A68-A08D-B23CF268DB89}.Release|x64.Build.0 = Release|x64
		{9861E277-78F8-4A68-A08D-B23CF268DB89}.Release|x86.ActiveCfg = Release|Win32
		{9861E277-78F8-4A68-A08D-B23CF268DB89}.Release|x86.Build.0 = Release|Win32
		{BC8A8558-7384-4A25-A9FD-FFE1319F1492}.Debug|Any CPU.ActiveCfg = Debug|Any CPU
		{BC8A8558-7384-4A25-A9FD-FFE1319F1492}.Debug|ARM.ActiveCfg = Debug|Any CPU
		{BC8A8558-7384-4A25-A9FD-FFE1319F1492}.Debug|ARM64.ActiveCfg = Debug|Any CPU
		{BC8A8558-7384-4A25-A9FD-FFE1319F1492}.Debug|x64.ActiveCfg = Debug|Any CPU
		{BC8A8558-7384-4A25-A9FD-FFE1319F1492}.Debug|x86.ActiveCfg = Debug|Any CPU
		{BC8A8558-7384-4A25-A9FD-FFE1319F1492}.Release|Any CPU.ActiveCfg = Release|Any CPU
		{BC8A8558-7384-4A25-A9FD-FFE1319F1492}.Release|ARM.ActiveCfg = Release|Any CPU
		{BC8A8558-7384-4A25-A9FD-FFE1319F1492}.Release|ARM64.ActiveCfg = Release|Any CPU
		{BC8A8558-7384-4A25-A9FD-FFE1319F1492}.Release|x64.ActiveCfg = Release|Any CPU
		{BC8A8558-7384-4A25-A9FD-FFE1319F1492}.Release|x86.ActiveCfg = Release|Any CPU
		{25C1437B-CE03-4925-BDF0-ECBE8DDBF124}.Debug|Any CPU.ActiveCfg = Debug|Win32
		{25C1437B-CE03-4925-BDF0-ECBE8DDBF124}.Debug|ARM.ActiveCfg = Debug|ARM
		{25C1437B-CE03-4925-BDF0-ECBE8DDBF124}.Debug|ARM.Build.0 = Debug|ARM
		{25C1437B-CE03-4925-BDF0-ECBE8DDBF124}.Debug|ARM.Deploy.0 = Debug|ARM
		{25C1437B-CE03-4925-BDF0-ECBE8DDBF124}.Debug|ARM64.ActiveCfg = Debug|ARM64
		{25C1437B-CE03-4925-BDF0-ECBE8DDBF124}.Debug|ARM64.Build.0 = Debug|ARM64
		{25C1437B-CE03-4925-BDF0-ECBE8DDBF124}.Debug|ARM64.Deploy.0 = Debug|ARM64
		{25C1437B-CE03-4925-BDF0-ECBE8DDBF124}.Debug|x64.ActiveCfg = Debug|x64
		{25C1437B-CE03-4925-BDF0-ECBE8DDBF124}.Debug|x64.Build.0 = Debug|x64
		{25C1437B-CE03-4925-BDF0-ECBE8DDBF124}.Debug|x64.Deploy.0 = Debug|x64
		{25C1437B-CE03-4925-BDF0-ECBE8DDBF124}.Debug|x86.ActiveCfg = Debug|Win32
		{25C1437B-CE03-4925-BDF0-ECBE8DDBF124}.Debug|x86.Build.0 = Debug|Win32
		{25C1437B-CE03-4925-BDF0-ECBE8DDBF124}.Debug|x86.Deploy.0 = Debug|Win32
		{25C1437B-CE03-4925-BDF0-ECBE8DDBF124}.Release|Any CPU.ActiveCfg = Release|Win32
		{25C1437B-CE03-4925-BDF0-ECBE8DDBF124}.Release|ARM.ActiveCfg = Release|ARM
		{25C1437B-CE03-4925-BDF0-ECBE8DDBF124}.Release|ARM.Build.0 = Release|ARM
		{25C1437B-CE03-4925-BDF0-ECBE8DDBF124}.Release|ARM.Deploy.0 = Release|ARM
		{25C1437B-CE03-4925-BDF0-ECBE8DDBF124}.Release|ARM64.ActiveCfg = Release|ARM64
		{25C1437B-CE03-4925-BDF0-ECBE8DDBF124}.Release|ARM64.Build.0 = Release|ARM64
		{25C1437B-CE03-4925-BDF0-ECBE8DDBF124}.Release|ARM64.Deploy.0 = Release|ARM64
		{25C1437B-CE03-4925-BDF0-ECBE8DDBF124}.Release|x64.ActiveCfg = Release|x64
		{25C1437B-CE03-4925-BDF0-ECBE8DDBF124}.Release|x64.Build.0 = Release|x64
		{25C1437B-CE03-4925-BDF0-ECBE8DDBF124}.Release|x64.Deploy.0 = Release|x64
		{25C1437B-CE03-4925-BDF0-ECBE8DDBF124}.Release|x86.ActiveCfg = Release|x64
		{25C1437B-CE03-4925-BDF0-ECBE8DDBF124}.Release|x86.Build.0 = Release|x64
		{25C1437B-CE03-4925-BDF0-ECBE8DDBF124}.Release|x86.Deploy.0 = Release|x64
		{2801056A-4BD7-4B96-91AA-F26232E7C43D}.Debug|Any CPU.ActiveCfg = Debug|Any CPU
		{2801056A-4BD7-4B96-91AA-F26232E7C43D}.Debug|Any CPU.Build.0 = Debug|Any CPU
		{2801056A-4BD7-4B96-91AA-F26232E7C43D}.Debug|ARM.ActiveCfg = Debug|Any CPU
		{2801056A-4BD7-4B96-91AA-F26232E7C43D}.Debug|ARM.Build.0 = Debug|Any CPU
		{2801056A-4BD7-4B96-91AA-F26232E7C43D}.Debug|ARM64.ActiveCfg = Debug|Any CPU
		{2801056A-4BD7-4B96-91AA-F26232E7C43D}.Debug|ARM64.Build.0 = Debug|Any CPU
		{2801056A-4BD7-4B96-91AA-F26232E7C43D}.Debug|x64.ActiveCfg = Debug|Any CPU
		{2801056A-4BD7-4B96-91AA-F26232E7C43D}.Debug|x64.Build.0 = Debug|Any CPU
		{2801056A-4BD7-4B96-91AA-F26232E7C43D}.Debug|x86.ActiveCfg = Debug|Any CPU
		{2801056A-4BD7-4B96-91AA-F26232E7C43D}.Debug|x86.Build.0 = Debug|Any CPU
		{2801056A-4BD7-4B96-91AA-F26232E7C43D}.Release|Any CPU.ActiveCfg = Release|Any CPU
		{2801056A-4BD7-4B96-91AA-F26232E7C43D}.Release|Any CPU.Build.0 = Release|Any CPU
		{2801056A-4BD7-4B96-91AA-F26232E7C43D}.Release|ARM.ActiveCfg = Release|Any CPU
		{2801056A-4BD7-4B96-91AA-F26232E7C43D}.Release|ARM.Build.0 = Release|Any CPU
		{2801056A-4BD7-4B96-91AA-F26232E7C43D}.Release|ARM64.ActiveCfg = Release|Any CPU
		{2801056A-4BD7-4B96-91AA-F26232E7C43D}.Release|ARM64.Build.0 = Release|Any CPU
		{2801056A-4BD7-4B96-91AA-F26232E7C43D}.Release|x64.ActiveCfg = Release|Any CPU
		{2801056A-4BD7-4B96-91AA-F26232E7C43D}.Release|x64.Build.0 = Release|Any CPU
		{2801056A-4BD7-4B96-91AA-F26232E7C43D}.Release|x86.ActiveCfg = Debug|Any CPU
		{2801056A-4BD7-4B96-91AA-F26232E7C43D}.Release|x86.Build.0 = Debug|Any CPU
		{FF40C6F9-40E4-4F78-A68E-59476FC80AC7}.Debug|Any CPU.ActiveCfg = Debug|Any CPU
		{FF40C6F9-40E4-4F78-A68E-59476FC80AC7}.Debug|Any CPU.Build.0 = Debug|Any CPU
		{FF40C6F9-40E4-4F78-A68E-59476FC80AC7}.Debug|ARM.ActiveCfg = Debug|Any CPU
		{FF40C6F9-40E4-4F78-A68E-59476FC80AC7}.Debug|ARM.Build.0 = Debug|Any CPU
		{FF40C6F9-40E4-4F78-A68E-59476FC80AC7}.Debug|ARM64.ActiveCfg = Debug|Any CPU
		{FF40C6F9-40E4-4F78-A68E-59476FC80AC7}.Debug|ARM64.Build.0 = Debug|Any CPU
		{FF40C6F9-40E4-4F78-A68E-59476FC80AC7}.Debug|x64.ActiveCfg = Debug|Any CPU
		{FF40C6F9-40E4-4F78-A68E-59476FC80AC7}.Debug|x64.Build.0 = Debug|Any CPU
		{FF40C6F9-40E4-4F78-A68E-59476FC80AC7}.Debug|x86.ActiveCfg = Debug|Any CPU
		{FF40C6F9-40E4-4F78-A68E-59476FC80AC7}.Debug|x86.Build.0 = Debug|Any CPU
		{FF40C6F9-40E4-4F78-A68E-59476FC80AC7}.Release|Any CPU.ActiveCfg = Release|Any CPU
		{FF40C6F9-40E4-4F78-A68E-59476FC80AC7}.Release|Any CPU.Build.0 = Release|Any CPU
		{FF40C6F9-40E4-4F78-A68E-59476FC80AC7}.Release|ARM.ActiveCfg = Release|Any CPU
		{FF40C6F9-40E4-4F78-A68E-59476FC80AC7}.Release|ARM.Build.0 = Release|Any CPU
		{FF40C6F9-40E4-4F78-A68E-59476FC80AC7}.Release|ARM64.ActiveCfg = Release|Any CPU
		{FF40C6F9-40E4-4F78-A68E-59476FC80AC7}.Release|ARM64.Build.0 = Release|Any CPU
		{FF40C6F9-40E4-4F78-A68E-59476FC80AC7}.Release|x64.ActiveCfg = Debug|Any CPU
		{FF40C6F9-40E4-4F78-A68E-59476FC80AC7}.Release|x64.Build.0 = Debug|Any CPU
		{FF40C6F9-40E4-4F78-A68E-59476FC80AC7}.Release|x86.ActiveCfg = Debug|Any CPU
		{FF40C6F9-40E4-4F78-A68E-59476FC80AC7}.Release|x86.Build.0 = Debug|Any CPU
		{BE6C701B-89B3-42C6-86E8-9B1E874922B1}.Debug|Any CPU.ActiveCfg = Debug|Win32
		{BE6C701B-89B3-42C6-86E8-9B1E874922B1}.Debug|ARM.ActiveCfg = Debug|Win32
		{BE6C701B-89B3-42C6-86E8-9B1E874922B1}.Debug|ARM64.ActiveCfg = Debug|Win32
		{BE6C701B-89B3-42C6-86E8-9B1E874922B1}.Debug|x64.ActiveCfg = Debug|x64
		{BE6C701B-89B3-42C6-86E8-9B1E874922B1}.Debug|x64.Build.0 = Debug|x64
		{BE6C701B-89B3-42C6-86E8-9B1E874922B1}.Debug|x86.ActiveCfg = Debug|Win32
		{BE6C701B-89B3-42C6-86E8-9B1E874922B1}.Debug|x86.Build.0 = Debug|Win32
		{BE6C701B-89B3-42C6-86E8-9B1E874922B1}.Release|Any CPU.ActiveCfg = Release|Win32
		{BE6C701B-89B3-42C6-86E8-9B1E874922B1}.Release|ARM.ActiveCfg = Release|Win32
		{BE6C701B-89B3-42C6-86E8-9B1E874922B1}.Release|ARM64.ActiveCfg = Release|Win32
		{BE6C701B-89B3-42C6-86E8-9B1E874922B1}.Release|x64.ActiveCfg = Release|x64
		{BE6C701B-89B3-42C6-86E8-9B1E874922B1}.Release|x64.Build.0 = Release|x64
		{BE6C701B-89B3-42C6-86E8-9B1E874922B1}.Release|x86.ActiveCfg = Release|Win32
		{BE6C701B-89B3-42C6-86E8-9B1E874922B1}.Release|x86.Build.0 = Release|Win32
	EndGlobalSection
	GlobalSection(SolutionProperties) = preSolution
		HideSolutionNode = FALSE
	EndGlobalSection
	GlobalSection(ExtensibilityGlobals) = postSolution
		SolutionGuid = {DB0A24CA-F1AD-438A-B7FF-11B6BC3058D5}
	EndGlobalSection
EndGlobal
